{
    "name": "hylimo",
    "lockfileVersion": 2,
    "requires": true,
    "packages": {
        "": {
            "workspaces": [
                "packages/*"
            ],
            "devDependencies": {
                "typescript": "^4.8.4"
            }
        },
        "node_modules/@hylimo/core": {
            "resolved": "packages/core",
            "link": true
        },
        "node_modules/@hylimo/language-server": {
            "resolved": "packages/language-server",
            "link": true
        },
        "node_modules/typescript": {
            "version": "4.8.4",
            "resolved": "https://registry.npmjs.org/typescript/-/typescript-4.8.4.tgz",
            "integrity": "sha512-QCh+85mCy+h0IGff8r5XWzOVSbBO+KfeYrMQh7NJ58QujwcE22u+NUSmUxqF+un70P9GXKxa2HCNiTTMJknyjQ==",
            "dev": true,
            "bin": {
                "tsc": "bin/tsc",
                "tsserver": "bin/tsserver"
            },
            "engines": {
                "node": ">=4.2.0"
            }
        },
        "packages/core": {
            "name": "@hylimo/core",
            "version": "0.0.1"
        },
        "packages/language-server": {
            "name": "@hylimo/language-server",
            "version": "0.0.1"
        }
    },
    "dependencies": {
        "@hylimo/core": {
            "version": "file:packages/core"
        },
        "@hylimo/language-server": {
            "version": "file:packages/language-server"
        },
        "typescript": {
            "version": "4.8.4",
            "resolved": "https://registry.npmjs.org/typescript/-/typescript-4.8.4.tgz",
            "integrity": "sha512-QCh+85mCy+h0IGff8r5XWzOVSbBO+KfeYrMQh7NJ58QujwcE22u+NUSmUxqF+un70P9GXKxa2HCNiTTMJknyjQ==",
            "dev": true
        }
    }
}
