{
    "name": "hylimo",
    "lockfileVersion": 2,
    "requires": true,
    "packages": {
        "": {
            "workspaces": [
                "packages/*"
            ],
            "devDependencies": {
                "prettier": "^2.7.1",
                "typescript": "^4.8.4"
            }
        },
        "node_modules/@chevrotain/cst-dts-gen": {
            "version": "10.4.0",
            "resolved": "https://registry.npmjs.org/@chevrotain/cst-dts-gen/-/cst-dts-gen-10.4.0.tgz",
            "integrity": "sha512-8c+1t+lCWT1HSqIa5nbRwhqeTC4IEgBE6+UQJt1DIM8VdxiRlbEM57TxMq5VoF5PJWXsLSCUR0YCUFc/Rxy8kQ==",
            "dependencies": {
                "@chevrotain/gast": "10.4.0",
                "@chevrotain/types": "10.4.0",
                "lodash": "4.17.21"
            }
        },
        "node_modules/@chevrotain/gast": {
            "version": "10.4.0",
            "resolved": "https://registry.npmjs.org/@chevrotain/gast/-/gast-10.4.0.tgz",
            "integrity": "sha512-B7rqMo5w/gVhOXSWhb9DC/c/ISjJpjZ6l6V7iwT+Qx0C1nAIDb4eqxtl0vnJBQ8i8epwfFxZmyRs7uViW3VlHg==",
            "dependencies": {
                "@chevrotain/types": "10.4.0",
                "lodash": "4.17.21"
            }
        },
        "node_modules/@chevrotain/types": {
            "version": "10.4.0",
            "resolved": "https://registry.npmjs.org/@chevrotain/types/-/types-10.4.0.tgz",
            "integrity": "sha512-sGN/VC1zChYkP7aALPbMU3snjP19psY7wqpBstN5by1pFPi49gYUzHFqBFwPE6MJ35SNZRCVSGgMfPCjhAIuxg=="
        },
        "node_modules/@chevrotain/utils": {
            "version": "10.4.0",
            "resolved": "https://registry.npmjs.org/@chevrotain/utils/-/utils-10.4.0.tgz",
            "integrity": "sha512-WdE+5vP7xbGdpk4VEXlLaGE/swO/BoXTToAQVvjNRYRbvDcJnBRidN/au2ibWMFvxzgXC8kFi8UEINwwTpGA1A=="
        },
        "node_modules/@hylimo/core": {
            "resolved": "packages/core",
            "link": true
        },
        "node_modules/@hylimo/language-server": {
            "resolved": "packages/language-server",
            "link": true
        },
        "node_modules/chevrotain": {
            "version": "10.4.0",
            "resolved": "https://registry.npmjs.org/chevrotain/-/chevrotain-10.4.0.tgz",
            "integrity": "sha512-sQ+lPBEEwL9b0ytcB4jgzKHnejedIoyknDuEIPdZN7aATvNMjYALvui3l84IQ7EyKd5s+Kyz3oVhvPzM7/609g==",
            "dependencies": {
                "@chevrotain/cst-dts-gen": "10.4.0",
                "@chevrotain/gast": "10.4.0",
                "@chevrotain/types": "10.4.0",
                "@chevrotain/utils": "10.4.0",
                "lodash": "4.17.21",
                "regexp-to-ast": "0.5.0"
            }
        },
        "node_modules/lodash": {
            "version": "4.17.21",
            "resolved": "https://registry.npmjs.org/lodash/-/lodash-4.17.21.tgz",
            "integrity": "sha512-v2kDEe57lecTulaDIuNTPy3Ry4gLGJ6Z1O3vE1krgXZNrsQ+LFTGHVxVjcXPs17LhbZVGedAJv8XZ1tvj5FvSg=="
        },
        "node_modules/prettier": {
            "version": "2.7.1",
            "resolved": "https://registry.npmjs.org/prettier/-/prettier-2.7.1.tgz",
            "integrity": "sha512-ujppO+MkdPqoVINuDFDRLClm7D78qbDt0/NR+wp5FqEZOoTNAjPHWj17QRhu7geIHJfcNhRk1XVQmF8Bp3ye+g==",
            "dev": true,
            "bin": {
                "prettier": "bin-prettier.js"
            },
            "engines": {
                "node": ">=10.13.0"
            },
            "funding": {
                "url": "https://github.com/prettier/prettier?sponsor=1"
            }
        },
        "node_modules/regexp-to-ast": {
            "version": "0.5.0",
            "resolved": "https://registry.npmjs.org/regexp-to-ast/-/regexp-to-ast-0.5.0.tgz",
            "integrity": "sha512-tlbJqcMHnPKI9zSrystikWKwHkBqu2a/Sgw01h3zFjvYrMxEDYHzzoMZnUrbIfpTFEsoRnnviOXNCzFiSc54Qw=="
        },
        "node_modules/typescript": {
            "version": "4.8.4",
            "resolved": "https://registry.npmjs.org/typescript/-/typescript-4.8.4.tgz",
            "integrity": "sha512-QCh+85mCy+h0IGff8r5XWzOVSbBO+KfeYrMQh7NJ58QujwcE22u+NUSmUxqF+un70P9GXKxa2HCNiTTMJknyjQ==",
            "dev": true,
            "bin": {
                "tsc": "bin/tsc",
                "tsserver": "bin/tsserver"
            },
            "engines": {
                "node": ">=4.2.0"
            }
        },
        "packages/core": {
            "name": "@hylimo/core",
            "version": "0.0.1",
            "dependencies": {
                "chevrotain": "^10.4.0"
            }
        },
        "packages/language-server": {
            "name": "@hylimo/language-server",
            "version": "0.0.1"
        }
    },
    "dependencies": {
        "@chevrotain/cst-dts-gen": {
            "version": "10.4.0",
            "resolved": "https://registry.npmjs.org/@chevrotain/cst-dts-gen/-/cst-dts-gen-10.4.0.tgz",
            "integrity": "sha512-8c+1t+lCWT1HSqIa5nbRwhqeTC4IEgBE6+UQJt1DIM8VdxiRlbEM57TxMq5VoF5PJWXsLSCUR0YCUFc/Rxy8kQ==",
            "requires": {
                "@chevrotain/gast": "10.4.0",
                "@chevrotain/types": "10.4.0",
                "lodash": "4.17.21"
            }
        },
        "@chevrotain/gast": {
            "version": "10.4.0",
            "resolved": "https://registry.npmjs.org/@chevrotain/gast/-/gast-10.4.0.tgz",
            "integrity": "sha512-B7rqMo5w/gVhOXSWhb9DC/c/ISjJpjZ6l6V7iwT+Qx0C1nAIDb4eqxtl0vnJBQ8i8epwfFxZmyRs7uViW3VlHg==",
            "requires": {
                "@chevrotain/types": "10.4.0",
                "lodash": "4.17.21"
            }
        },
        "@chevrotain/types": {
            "version": "10.4.0",
            "resolved": "https://registry.npmjs.org/@chevrotain/types/-/types-10.4.0.tgz",
            "integrity": "sha512-sGN/VC1zChYkP7aALPbMU3snjP19psY7wqpBstN5by1pFPi49gYUzHFqBFwPE6MJ35SNZRCVSGgMfPCjhAIuxg=="
        },
        "@chevrotain/utils": {
            "version": "10.4.0",
            "resolved": "https://registry.npmjs.org/@chevrotain/utils/-/utils-10.4.0.tgz",
            "integrity": "sha512-WdE+5vP7xbGdpk4VEXlLaGE/swO/BoXTToAQVvjNRYRbvDcJnBRidN/au2ibWMFvxzgXC8kFi8UEINwwTpGA1A=="
        },
        "@hylimo/core": {
            "version": "file:packages/core",
            "requires": {
                "chevrotain": "^10.4.0"
            }
        },
        "@hylimo/language-server": {
            "version": "file:packages/language-server"
        },
        "chevrotain": {
            "version": "10.4.0",
            "resolved": "https://registry.npmjs.org/chevrotain/-/chevrotain-10.4.0.tgz",
            "integrity": "sha512-sQ+lPBEEwL9b0ytcB4jgzKHnejedIoyknDuEIPdZN7aATvNMjYALvui3l84IQ7EyKd5s+Kyz3oVhvPzM7/609g==",
            "requires": {
                "@chevrotain/cst-dts-gen": "10.4.0",
                "@chevrotain/gast": "10.4.0",
                "@chevrotain/types": "10.4.0",
                "@chevrotain/utils": "10.4.0",
                "lodash": "4.17.21",
                "regexp-to-ast": "0.5.0"
            }
        },
        "lodash": {
            "version": "4.17.21",
            "resolved": "https://registry.npmjs.org/lodash/-/lodash-4.17.21.tgz",
            "integrity": "sha512-v2kDEe57lecTulaDIuNTPy3Ry4gLGJ6Z1O3vE1krgXZNrsQ+LFTGHVxVjcXPs17LhbZVGedAJv8XZ1tvj5FvSg=="
        },
        "prettier": {
            "version": "2.7.1",
            "resolved": "https://registry.npmjs.org/prettier/-/prettier-2.7.1.tgz",
            "integrity": "sha512-ujppO+MkdPqoVINuDFDRLClm7D78qbDt0/NR+wp5FqEZOoTNAjPHWj17QRhu7geIHJfcNhRk1XVQmF8Bp3ye+g==",
            "dev": true
        },
        "regexp-to-ast": {
            "version": "0.5.0",
            "resolved": "https://registry.npmjs.org/regexp-to-ast/-/regexp-to-ast-0.5.0.tgz",
            "integrity": "sha512-tlbJqcMHnPKI9zSrystikWKwHkBqu2a/Sgw01h3zFjvYrMxEDYHzzoMZnUrbIfpTFEsoRnnviOXNCzFiSc54Qw=="
        },
        "typescript": {
            "version": "4.8.4",
            "resolved": "https://registry.npmjs.org/typescript/-/typescript-4.8.4.tgz",
            "integrity": "sha512-QCh+85mCy+h0IGff8r5XWzOVSbBO+KfeYrMQh7NJ58QujwcE22u+NUSmUxqF+un70P9GXKxa2HCNiTTMJknyjQ==",
            "dev": true
        }
    }
}
